
Microsoft Visual Studio Solution File, Format Version 12.00
# Visual Studio Version 17
VisualStudioVersion = 17.5.33627.172
MinimumVisualStudioVersion = 10.0.40219.1
Project("{FAE04EC0-301F-11D3-BF4B-00C04F79EFBC}") = "DefaultAuth.Server", "DefaultAuth\Server\DefaultAuth.Server.csproj", "{E6D7A306-3185-4047-A8A7-7EA15FEC37D3}"
EndProject
Project("{FAE04EC0-301F-11D3-BF4B-00C04F79EFBC}") = "DefaultAuth.Client", "DefaultAuth\Client\DefaultAuth.Client.csproj", "{8479CBC1-6265-482E-B17B-A7D6C01175E1}"
EndProject
Project("{FAE04EC0-301F-11D3-BF4B-00C04F79EFBC}") = "DefaultAuth.Shared", "DefaultAuth\Shared\DefaultAuth.Shared.csproj", "{77300561-1167-45C7-B68D-FE01B5BEE82C}"
EndProject
Global
	GlobalSection(SolutionConfigurationPlatforms) = preSolution
		Debug|Any CPU = Debug|Any CPU
		Release|Any CPU = Release|Any CPU
	EndGlobalSection
	GlobalSection(ProjectConfigurationPlatforms) = postSolution
		{E6D7A306-3185-4047-A8A7-7EA15FEC37D3}.Debug|Any CPU.ActiveCfg = Debug|Any CPU
		{E6D7A306-3185-4047-A8A7-7EA15FEC37D3}.Debug|Any CPU.Build.0 = Debug|Any CPU
		{E6D7A306-3185-4047-A8A7-7EA15FEC37D3}.Release|Any CPU.ActiveCfg = Release|Any CPU
		{E6D7A306-3185-4047-A8A7-7EA15FEC37D3}.Release|Any CPU.Build.0 = Release|Any CPU
		{8479CBC1-6265-482E-B17B-A7D6C01175E1}.Debug|Any CPU.ActiveCfg = Debug|Any CPU
		{8479CBC1-6265-482E-B17B-A7D6C01175E1}.Debug|Any CPU.Build.0 = Debug|Any CPU
		{8479CBC1-6265-482E-B17B-A7D6C01175E1}.Release|Any CPU.ActiveCfg = Release|Any CPU
		{8479CBC1-6265-482E-B17B-A7D6C01175E1}.Release|Any CPU.Build.0 = Release|Any CPU
		{77300561-1167-45C7-B68D-FE01B5BEE82C}.Debug|Any CPU.ActiveCfg = Debug|Any CPU
		{77300561-1167-45C7-B68D-FE01B5BEE82C}.Debug|Any CPU.Build.0 = Debug|Any CPU
		{77300561-1167-45C7-B68D-FE01B5BEE82C}.Release|Any CPU.ActiveCfg = Release|Any CPU
		{77300561-1167-45C7-B68D-FE01B5BEE82C}.Release|Any CPU.Build.0 = Release|Any CPU
	EndGlobalSection
	GlobalSection(SolutionProperties) = preSolution
		HideSolutionNode = FALSE
	EndGlobalSection
	GlobalSection(ExtensibilityGlobals) = postSolution
		SolutionGuid = {B8154AB5-3A8F-463E-80AD-EBCE58BBEC3C}
	EndGlobalSection
EndGlobal
